// !$*UTF8*$!
{
	archiveVersion = 1;
	classes = {
	};
	objectVersion = 56;
	objects = {

/* Begin PBXBuildFile section */
		55DB29912D8B0E3D007EF898 /* IOS_FUNDATIONS_PROJECTApp.swift in Sources */ = {isa = PBXBuildFile; fileRef = 55DB29902D8B0E3D007EF898 /* IOS_FUNDATIONS_PROJECTApp.swift */; };
		55DB29932D8B0E3D007EF898 /* ContentView.swift in Sources */ = {isa = PBXBuildFile; fileRef = 55DB29922D8B0E3D007EF898 /* ContentView.swift */; };
		55DB29952D8B0E40007EF898 /* Assets.xcassets in Resources */ = {isa = PBXBuildFile; fileRef = 55DB29942D8B0E40007EF898 /* Assets.xcassets */; };
		55DB29982D8B0E40007EF898 /* Preview Assets.xcassets in Resources */ = {isa = PBXBuildFile; fileRef = 55DB29972D8B0E40007EF898 /* Preview Assets.xcassets */; };
		55DB29A02D8B0E68007EF898 /* Pokemon.swift in Sources */ = {isa = PBXBuildFile; fileRef = 55DB299E2D8B0E68007EF898 /* Pokemon.swift */; };
		55DB29A52D8B0E83007EF898 /* StatisticsView.swift in Sources */ = {isa = PBXBuildFile; fileRef = 55DB29A32D8B0E83007EF898 /* StatisticsView.swift */; };
		55DB29A62D8B0E83007EF898 /* PokedexView.swift in Sources */ = {isa = PBXBuildFile; fileRef = 55DB29A42D8B0E83007EF898 /* PokedexView.swift */; };
/* End PBXBuildFile section */

/* Begin PBXFileReference section */
		55DB298D2D8B0E3D007EF898 /* IOS_FUNDATIONS_PROJECT.app */ = {isa = PBXFileReference; explicitFileType = wrapper.application; includeInIndex = 0; path = IOS_FUNDATIONS_PROJECT.app; sourceTree = BUILT_PRODUCTS_DIR; };
		55DB29902D8B0E3D007EF898 /* IOS_FUNDATIONS_PROJECTApp.swift */ = {isa = PBXFileReference; lastKnownFileType = sourcecode.swift; path = IOS_FUNDATIONS_PROJECTApp.swift; sourceTree = "<group>"; };
		55DB29922D8B0E3D007EF898 /* ContentView.swift */ = {isa = PBXFileReference; lastKnownFileType = sourcecode.swift; path = ContentView.swift; sourceTree = "<group>"; };
		55DB29942D8B0E40007EF898 /* Assets.xcassets */ = {isa = PBXFileReference; lastKnownFileType = folder.assetcatalog; path = Assets.xcassets; sourceTree = "<group>"; };
		55DB29972D8B0E40007EF898 /* Preview Assets.xcassets */ = {isa = PBXFileReference; lastKnownFileType = folder.assetcatalog; path = "Preview Assets.xcassets"; sourceTree = "<group>"; };
		55DB299E2D8B0E68007EF898 /* Pokemon.swift */ = {isa = PBXFileReference; fileEncoding = 4; lastKnownFileType = sourcecode.swift; path = Pokemon.swift; sourceTree = "<group>"; };
		55DB29A32D8B0E83007EF898 /* StatisticsView.swift */ = {isa = PBXFileReference; fileEncoding = 4; lastKnownFileType = sourcecode.swift; path = StatisticsView.swift; sourceTree = "<group>"; };
		55DB29A42D8B0E83007EF898 /* PokedexView.swift */ = {isa = PBXFileReference; fileEncoding = 4; lastKnownFileType = sourcecode.swift; path = PokedexView.swift; sourceTree = "<group>"; };
/* End PBXFileReference section */

/* Begin PBXFrameworksBuildPhase section */
		55DB298A2D8B0E3D007EF898 /* Frameworks */ = {
			isa = PBXFrameworksBuildPhase;
			buildActionMask = 2147483647;
			files = (
			);
			runOnlyForDeploymentPostprocessing = 0;
		};
/* End PBXFrameworksBuildPhase section */

/* Begin PBXGroup section */
		55DB29842D8B0E3D007EF898 = {
			isa = PBXGroup;
			children = (
				55DB298F2D8B0E3D007EF898 /* IOS_FUNDATIONS_PROJECT */,
				55DB298E2D8B0E3D007EF898 /* Products */,
			);
			sourceTree = "<group>";
		};
		55DB298E2D8B0E3D007EF898 /* Products */ = {
			isa = PBXGroup;
			children = (
				55DB298D2D8B0E3D007EF898 /* IOS_FUNDATIONS_PROJECT.app */,
			);
			name = Products;
			sourceTree = "<group>";
		};
		55DB298F2D8B0E3D007EF898 /* IOS_FUNDATIONS_PROJECT */ = {
			isa = PBXGroup;
			children = (
				55DB29902D8B0E3D007EF898 /* IOS_FUNDATIONS_PROJECTApp.swift */,
				55DB29A22D8B0E83007EF898 /* view */,
				55DB299E2D8B0E68007EF898 /* Pokemon.swift */,
				55DB29922D8B0E3D007EF898 /* ContentView.swift */,
				55DB29942D8B0E40007EF898 /* Assets.xcassets */,
				55DB29962D8B0E40007EF898 /* Preview Content */,
			);
			path = IOS_FUNDATIONS_PROJECT;
			sourceTree = "<group>";
		};
		55DB29962D8B0E40007EF898 /* Preview Content */ = {
			isa = PBXGroup;
			children = (
				55DB29972D8B0E40007EF898 /* Preview Assets.xcassets */,
			);
			path = "Preview Content";
			sourceTree = "<group>";
		};
		55DB29A22D8B0E83007EF898 /* view */ = {
			isa = PBXGroup;
			children = (
				55DB29A32D8B0E83007EF898 /* StatisticsView.swift */,
				55DB29A42D8B0E83007EF898 /* PokedexView.swift */,
			);
			path = view;
			sourceTree = "<group>";
		};
/* End PBXGroup section */

/* Begin PBXNativeTarget section */
		55DB298C2D8B0E3D007EF898 /* IOS_FUNDATIONS_PROJECT */ = {
			isa = PBXNativeTarget;
			buildConfigurationList = 55DB299B2D8B0E40007EF898 /* Build configuration list for PBXNativeTarget "IOS_FUNDATIONS_PROJECT" */;
			buildPhases = (
				55DB29892D8B0E3D007EF898 /* Sources */,
				55DB298A2D8B0E3D007EF898 /* Frameworks */,
				55DB298B2D8B0E3D007EF898 /* Resources */,
			);
			buildRules = (
			);
			dependencies = (
			);
			name = IOS_FUNDATIONS_PROJECT;
			productName = IOS_FUNDATIONS_PROJECT;
			productReference = 55DB298D2D8B0E3D007EF898 /* IOS_FUNDATIONS_PROJECT.app */;
			productType = "com.apple.product-type.application";
		};
/* End PBXNativeTarget section */

/* Begin PBXProject section */
		55DB29852D8B0E3D007EF898 /* Project object */ = {
			isa = PBXProject;
			attributes = {
				BuildIndependentTargetsInParallel = 1;
				LastSwiftUpdateCheck = 1410;
				LastUpgradeCheck = 1410;
				TargetAttributes = {
					55DB298C2D8B0E3D007EF898 = {
						CreatedOnToolsVersion = 14.1;
					};
				};
			};
			buildConfigurationList = 55DB29882D8B0E3D007EF898 /* Build configuration list for PBXProject "IOS_FUNDATIONS_PROJECT" */;
			compatibilityVersion = "Xcode 14.0";
			developmentRegion = en;
			hasScannedForEncodings = 0;
			knownRegions = (
				en,
				Base,
			);
			mainGroup = 55DB29842D8B0E3D007EF898;
			productRefGroup = 55DB298E2D8B0E3D007EF898 /* Products */;
			projectDirPath = "";
			projectRoot = "";
			targets = (
				55DB298C2D8B0E3D007EF898 /* IOS_FUNDATIONS_PROJECT */,
			);
		};
/* End PBXProject section */

/* Begin PBXResourcesBuildPhase section */
		55DB298B2D8B0E3D007EF898 /* Resources */ = {
			isa = PBXResourcesBuildPhase;
			buildActionMask = 2147483647;
			files = (
				55DB29982D8B0E40007EF898 /* Preview Assets.xcassets in Resources */,
				55DB29952D8B0E40007EF898 /* Assets.xcassets in Resources */,
			);
			runOnlyForDeploymentPostprocessing = 0;
		};
/* End PBXResourcesBuildPhase section */

/* Begin PBXSourcesBuildPhase section */
		55DB29892D8B0E3D007EF898 /* Sources */ = {
			isa = PBXSourcesBuildPhase;
			buildActionMask = 2147483647;
			files = (
				55DB29932D8B0E3D007EF898 /* ContentView.swift in Sources */,
				55DB29A52D8B0E83007EF898 /* StatisticsView.swift in Sources */,
				55DB29A62D8B0E83007EF898 /* PokedexView.swift in Sources */,
				55DB29912D8B0E3D007EF898 /* IOS_FUNDATIONS_PROJECTApp.swift in Sources */,
				55DB29A02D8B0E68007EF898 /* Pokemon.swift in Sources */,
			);
			runOnlyForDeploymentPostprocessing = 0;
		};
/* End PBXSourcesBuildPhase section */

/* Begin XCBuildConfiguration section */
		55DB29992D8B0E40007EF898 /* Debug */ = {
			isa = XCBuildConfiguration;
			buildSettings = {
				ALWAYS_SEARCH_USER_PATHS = NO;
				CLANG_ANALYZER_NONNULL = YES;
				CLANG_ANALYZER_NUMBER_OBJECT_CONVERSION = YES_AGGRESSIVE;
				CLANG_CXX_LANGUAGE_STANDARD = "gnu++20";
				CLANG_ENABLE_MODULES = YES;
				CLANG_ENABLE_OBJC_ARC = YES;
				CLANG_ENABLE_OBJC_WEAK = YES;
				CLANG_WARN_BLOCK_CAPTURE_AUTORELEASING = YES;
				CLANG_WARN_BOOL_CONVERSION = YES;
				CLANG_WARN_COMMA = YES;
				CLANG_WARN_CONSTANT_CONVERSION = YES;
				CLANG_WARN_DEPRECATED_OBJC_IMPLEMENTATIONS = YES;
				CLANG_WARN_DIRECT_OBJC_ISA_USAGE = YES_ERROR;
				CLANG_WARN_DOCUMENTATION_COMMENTS = YES;
				CLANG_WARN_EMPTY_BODY = YES;
				CLANG_WARN_ENUM_CONVERSION = YES;
				CLANG_WARN_INFINITE_RECURSION = YES;
				CLANG_WARN_INT_CONVERSION = YES;
				CLANG_WARN_NON_LITERAL_NULL_CONVERSION = YES;
				CLANG_WARN_OBJC_IMPLICIT_RETAIN_SELF = YES;
				CLANG_WARN_OBJC_LITERAL_CONVERSION = YES;
				CLANG_WARN_OBJC_ROOT_CLASS = YES_ERROR;
				CLANG_WARN_QUOTED_INCLUDE_IN_FRAMEWORK_HEADER = YES;
				CLANG_WARN_RANGE_LOOP_ANALYSIS = YES;
				CLANG_WARN_STRICT_PROTOTYPES = YES;
				CLANG_WARN_SUSPICIOUS_MOVE = YES;
				CLANG_WARN_UNGUARDED_AVAILABILITY = YES_AGGRESSIVE;
				CLANG_WARN_UNREACHABLE_CODE = YES;
				CLANG_WARN__DUPLICATE_METHOD_MATCH = YES;
				COPY_PHASE_STRIP = NO;
				DEBUG_INFORMATION_FORMAT = dwarf;
				ENABLE_STRICT_OBJC_MSGSEND = YES;
				ENABLE_TESTABILITY = YES;
				GCC_C_LANGUAGE_STANDARD = gnu11;
				GCC_DYNAMIC_NO_PIC = NO;
				GCC_NO_COMMON_BLOCKS = YES;
				GCC_OPTIMIZATION_LEVEL = 0;
				GCC_PREPROCESSOR_DEFINITIONS = (
					"DEBUG=1",
					"$(inherited)",
				);
				GCC_WARN_64_TO_32_BIT_CONVERSION = YES;
				GCC_WARN_ABOUT_RETURN_TYPE = YES_ERROR;
				GCC_WARN_UNDECLARED_SELECTOR = YES;
				GCC_WARN_UNINITIALIZED_AUTOS = YES_AGGRESSIVE;
				GCC_WARN_UNUSED_FUNCTION = YES;
				GCC_WARN_UNUSED_VARIABLE = YES;
				IPHONEOS_DEPLOYMENT_TARGET = 16.1;
				MTL_ENABLE_DEBUG_INFO = INCLUDE_SOURCE;
				MTL_FAST_MATH = YES;
				ONLY_ACTIVE_ARCH = YES;
				SDKROOT = iphoneos;
				SWIFT_ACTIVE_COMPILATION_CONDITIONS = DEBUG;
				SWIFT_OPTIMIZATION_LEVEL = "-Onone";
			};
			name = Debug;
		};
		55DB299A2D8B0E40007EF898 /* Release */ = {
			isa = XCBuildConfiguration;
			buildSettings = {
				ALWAYS_SEARCH_USER_PATHS = NO;
				CLANG_ANALYZER_NONNULL = YES;
				CLANG_ANALYZER_NUMBER_OBJECT_CONVERSION = YES_AGGRESSIVE;
				CLANG_CXX_LANGUAGE_STANDARD = "gnu++20";
				CLANG_ENABLE_MODULES = YES;
				CLANG_ENABLE_OBJC_ARC = YES;
				CLANG_ENABLE_OBJC_WEAK = YES;
				CLANG_WARN_BLOCK_CAPTURE_AUTORELEASING = YES;
				CLANG_WARN_BOOL_CONVERSION = YES;
				CLANG_WARN_COMMA = YES;
				CLANG_WARN_CONSTANT_CONVERSION = YES;
				CLANG_WARN_DEPRECATED_OBJC_IMPLEMENTATIONS = YES;
				CLANG_WARN_DIRECT_OBJC_ISA_USAGE = YES_ERROR;
				CLANG_WARN_DOCUMENTATION_COMMENTS = YES;
				CLANG_WARN_EMPTY_BODY = YES;
				CLANG_WARN_ENUM_CONVERSION = YES;
				CLANG_WARN_INFINITE_RECURSION = YES;
				CLANG_WARN_INT_CONVERSION = YES;
				CLANG_WARN_NON_LITERAL_NULL_CONVERSION = YES;
				CLANG_WARN_OBJC_IMPLICIT_RETAIN_SELF = YES;
				CLANG_WARN_OBJC_LITERAL_CONVERSION = YES;
				CLANG_WARN_OBJC_ROOT_CLASS = YES_ERROR;
				CLANG_WARN_QUOTED_INCLUDE_IN_FRAMEWORK_HEADER = YES;
				CLANG_WARN_RANGE_LOOP_ANALYSIS = YES;
				CLANG_WARN_STRICT_PROTOTYPES = YES;
				CLANG_WARN_SUSPICIOUS_MOVE = YES;
				CLANG_WARN_UNGUARDED_AVAILABILITY = YES_AGGRESSIVE;
				CLANG_WARN_UNREACHABLE_CODE = YES;
				CLANG_WARN__DUPLICATE_METHOD_MATCH = YES;
				COPY_PHASE_STRIP = NO;
				DEBUG_INFORMATION_FORMAT = "dwarf-with-dsym";
				ENABLE_NS_ASSERTIONS = NO;
				ENABLE_STRICT_OBJC_MSGSEND = YES;
				GCC_C_LANGUAGE_STANDARD = gnu11;
				GCC_NO_COMMON_BLOCKS = YES;
				GCC_WARN_64_TO_32_BIT_CONVERSION = YES;
				GCC_WARN_ABOUT_RETURN_TYPE = YES_ERROR;
				GCC_WARN_UNDECLARED_SELECTOR = YES;
				GCC_WARN_UNINITIALIZED_AUTOS = YES_AGGRESSIVE;
				GCC_WARN_UNUSED_FUNCTION = YES;
				GCC_WARN_UNUSED_VARIABLE = YES;
				IPHONEOS_DEPLOYMENT_TARGET = 16.1;
				MTL_ENABLE_DEBUG_INFO = NO;
				MTL_FAST_MATH = YES;
				SDKROOT = iphoneos;
				SWIFT_COMPILATION_MODE = wholemodule;
				SWIFT_OPTIMIZATION_LEVEL = "-O";
				VALIDATE_PRODUCT = YES;
			};
			name = Release;
		};
		55DB299C2D8B0E40007EF898 /* Debug */ = {
			isa = XCBuildConfiguration;
			buildSettings = {
				ASSETCATALOG_COMPILER_APPICON_NAME = AppIcon;
				ASSETCATALOG_COMPILER_GLOBAL_ACCENT_COLOR_NAME = AccentColor;
				CODE_SIGN_STYLE = Automatic;
				CURRENT_PROJECT_VERSION = 1;
				DEVELOPMENT_ASSET_PATHS = "\"IOS_FUNDATIONS_PROJECT/Preview Content\"";
				ENABLE_PREVIEWS = YES;
				GENERATE_INFOPLIST_FILE = YES;
				INFOPLIST_KEY_UIApplicationSceneManifest_Generation = YES;
				INFOPLIST_KEY_UIApplicationSupportsIndirectInputEvents = YES;
				INFOPLIST_KEY_UILaunchScreen_Generation = YES;
				INFOPLIST_KEY_UISupportedInterfaceOrientations_iPad = "UIInterfaceOrientationPortrait UIInterfaceOrientationPortraitUpsideDown UIInterfaceOrientationLandscapeLeft UIInterfaceOrientationLandscapeRight";
				INFOPLIST_KEY_UISupportedInterfaceOrientations_iPhone = "UIInterfaceOrientationPortrait UIInterfaceOrientationLandscapeLeft UIInterfaceOrientationLandscapeRight";
				LD_RUNPATH_SEARCH_PATHS = (
					"$(inherited)",
					"@executable_path/Frameworks",
				);
				MARKETING_VERSION = 1.0;
				PRODUCT_BUNDLE_IDENTIFIER = "AlanaCamilaGabriel.IOS-FUNDATIONS-PROJECT";
				PRODUCT_NAME = "$(TARGET_NAME)";
				SWIFT_EMIT_LOC_STRINGS = YES;
				SWIFT_VERSION = 5.0;
				TARGETED_DEVICE_FAMILY = "1,2";
			};
			name = Debug;
		};
		55DB299D2D8B0E40007EF898 /* Release */ = {
			isa = XCBuildConfiguration;
			buildSettings = {
				ASSETCATALOG_COMPILER_APPICON_NAME = AppIcon;
				ASSETCATALOG_COMPILER_GLOBAL_ACCENT_COLOR_NAME = AccentColor;
				CODE_SIGN_STYLE = Automatic;
				CURRENT_PROJECT_VERSION = 1;
				DEVELOPMENT_ASSET_PATHS = "\"IOS_FUNDATIONS_PROJECT/Preview Content\"";
				ENABLE_PREVIEWS = YES;
				GENERATE_INFOPLIST_FILE = YES;
				INFOPLIST_KEY_UIApplicationSceneManifest_Generation = YES;
				INFOPLIST_KEY_UIApplicationSupportsIndirectInputEvents = YES;
				INFOPLIST_KEY_UILaunchScreen_Generation = YES;
				INFOPLIST_KEY_UISupportedInterfaceOrientations_iPad = "UIInterfaceOrientationPortrait UIInterfaceOrientationPortraitUpsideDown UIInterfaceOrientationLandscapeLeft UIInterfaceOrientationLandscapeRight";
				INFOPLIST_KEY_UISupportedInterfaceOrientations_iPhone = "UIInterfaceOrientationPortrait UIInterfaceOrientationLandscapeLeft UIInterfaceOrientationLandscapeRight";
				LD_RUNPATH_SEARCH_PATHS = (
					"$(inherited)",
					"@executable_path/Frameworks",
				);
				MARKETING_VERSION = 1.0;
				PRODUCT_BUNDLE_IDENTIFIER = "AlanaCamilaGabriel.IOS-FUNDATIONS-PROJECT";
				PRODUCT_NAME = "$(TARGET_NAME)";
				SWIFT_EMIT_LOC_STRINGS = YES;
				SWIFT_VERSION = 5.0;
				TARGETED_DEVICE_FAMILY = "1,2";
			};
			name = Release;
		};
/* End XCBuildConfiguration section */

/* Begin XCConfigurationList section */
		55DB29882D8B0E3D007EF898 /* Build configuration list for PBXProject "IOS_FUNDATIONS_PROJECT" */ = {
			isa = XCConfigurationList;
			buildConfigurations = (
				55DB29992D8B0E40007EF898 /* Debug */,
				55DB299A2D8B0E40007EF898 /* Release */,
			);
			defaultConfigurationIsVisible = 0;
			defaultConfigurationName = Release;
		};
		55DB299B2D8B0E40007EF898 /* Build configuration list for PBXNativeTarget "IOS_FUNDATIONS_PROJECT" */ = {
			isa = XCConfigurationList;
			buildConfigurations = (
				55DB299C2D8B0E40007EF898 /* Debug */,
				55DB299D2D8B0E40007EF898 /* Release */,
			);
			defaultConfigurationIsVisible = 0;
			defaultConfigurationName = Release;
		};
/* End XCConfigurationList section */
	};
	rootObject = 55DB29852D8B0E3D007EF898 /* Project object */;
}
